PODS:
  - CHTCollectionViewWaterfallLayout (0.9.10):
    - CHTCollectionViewWaterfallLayout/Swift (= 0.9.10)
  - CHTCollectionViewWaterfallLayout/Swift (0.9.10)

DEPENDENCIES:
  - CHTCollectionViewWaterfallLayout

SPEC REPOS:
  trunk:
    - CHTCollectionViewWaterfallLayout

SPEC CHECKSUMS:
  CHTCollectionViewWaterfallLayout: b989a459788d7657ac010e03bc0f7eedca95a420

PODFILE CHECKSUM: e9d9bdb066c219f910c3dc49cced0be0efe3b64b

COCOAPODS: 1.15.2
